// !$*UTF8*$!
{
	archiveVersion = 1;
	classes = {
	};
	objectVersion = 50;
	objects = {

/* Begin PBXBuildFile section */
		364902AB24BED21800A5EC5B /* SKTimePeriodTableView.swift in Sources */ = {isa = PBXBuildFile; fileRef = 364902AA24BED21800A5EC5B /* SKTimePeriodTableView.swift */; };
		364902AF24BED8B600A5EC5B /* DefaultStyleViewController.swift in Sources */ = {isa = PBXBuildFile; fileRef = 364902AE24BED8B600A5EC5B /* DefaultStyleViewController.swift */; };
		364902B124BED8C600A5EC5B /* DefaultFormatViewController.swift in Sources */ = {isa = PBXBuildFile; fileRef = 364902B024BED8C600A5EC5B /* DefaultFormatViewController.swift */; };
		367BA02524B3375600C7D7EA /* AppDelegate.swift in Sources */ = {isa = PBXBuildFile; fileRef = 367BA02424B3375600C7D7EA /* AppDelegate.swift */; };
		367BA02924B3375600C7D7EA /* PopupStyleViewController.swift in Sources */ = {isa = PBXBuildFile; fileRef = 367BA02824B3375600C7D7EA /* PopupStyleViewController.swift */; };
		367BA02E24B3375900C7D7EA /* Assets.xcassets in Resources */ = {isa = PBXBuildFile; fileRef = 367BA02D24B3375900C7D7EA /* Assets.xcassets */; };
		367BA03124B3375900C7D7EA /* LaunchScreen.storyboard in Resources */ = {isa = PBXBuildFile; fileRef = 367BA02F24B3375900C7D7EA /* LaunchScreen.storyboard */; };
		367BA03C24B3375A00C7D7EA /* CyclePickerViewTests.swift in Sources */ = {isa = PBXBuildFile; fileRef = 367BA03B24B3375A00C7D7EA /* CyclePickerViewTests.swift */; };
		367BA04924B3378600C7D7EA /* Extension+Date.swift in Sources */ = {isa = PBXBuildFile; fileRef = 367BA04624B3378600C7D7EA /* Extension+Date.swift */; };
		367BA04A24B3378600C7D7EA /* SKDatePeriodPickerView.swift in Sources */ = {isa = PBXBuildFile; fileRef = 367BA04724B3378600C7D7EA /* SKDatePeriodPickerView.swift */; };
		367BA05C24B33EA900C7D7EA /* DayPickerView.swift in Sources */ = {isa = PBXBuildFile; fileRef = 367BA05B24B33EA900C7D7EA /* DayPickerView.swift */; };
		367BA05E24B33EB300C7D7EA /* WeekPickerView.swift in Sources */ = {isa = PBXBuildFile; fileRef = 367BA05D24B33EB300C7D7EA /* WeekPickerView.swift */; };
		3693AC6324BBEA7D00FB8E4C /* SKDatePeriodToolView.swift in Sources */ = {isa = PBXBuildFile; fileRef = 3693AC6224BBEA7D00FB8E4C /* SKDatePeriodToolView.swift */; };
		3693AC6724BC0AE800FB8E4C /* SKDatePeriodProtocol.swift in Sources */ = {isa = PBXBuildFile; fileRef = 3693AC6624BC0AE800FB8E4C /* SKDatePeriodProtocol.swift */; };
		3693AC6B24BD9BDB00FB8E4C /* PickerViewModel.swift in Sources */ = {isa = PBXBuildFile; fileRef = 3693AC6A24BD9BDB00FB8E4C /* PickerViewModel.swift */; };
		3693AC6D24BD9F5900FB8E4C /* SKPickerConfiguration.swift in Sources */ = {isa = PBXBuildFile; fileRef = 3693AC6C24BD9F5900FB8E4C /* SKPickerConfiguration.swift */; };
		3693AC7124BDA22800FB8E4C /* SKTimePeriodAnimation.swift in Sources */ = {isa = PBXBuildFile; fileRef = 3693AC7024BDA22800FB8E4C /* SKTimePeriodAnimation.swift */; };
		3693AC7324BDA5C000FB8E4C /* SKTimePeriodTypeEnum.swift in Sources */ = {isa = PBXBuildFile; fileRef = 3693AC7224BDA5C000FB8E4C /* SKTimePeriodTypeEnum.swift */; };
		3693AC7524BDA7FE00FB8E4C /* SKToolViewConfiguartion.swift in Sources */ = {isa = PBXBuildFile; fileRef = 3693AC7424BDA7FE00FB8E4C /* SKToolViewConfiguartion.swift */; };
		3696ED8E24C5680D00C24F54 /* SKSingleDateToolView.swift in Sources */ = {isa = PBXBuildFile; fileRef = 3696ED8D24C5680D00C24F54 /* SKSingleDateToolView.swift */; };
		3696ED9024C5684E00C24F54 /* SKToolView.swift in Sources */ = {isa = PBXBuildFile; fileRef = 3696ED8F24C5684E00C24F54 /* SKToolView.swift */; };
		36A7878924C6730400F225A8 /* BasePickerView.swift in Sources */ = {isa = PBXBuildFile; fileRef = 36A7878824C6730400F225A8 /* BasePickerView.swift */; };
		36A8F31D24BEDFCC00CE67B7 /* BaseViewController.swift in Sources */ = {isa = PBXBuildFile; fileRef = 36A8F31C24BEDFCC00CE67B7 /* BaseViewController.swift */; };
		36A8F31F24BEE07300CE67B7 /* XIBStyleViewController.swift in Sources */ = {isa = PBXBuildFile; fileRef = 36A8F31E24BEE07300CE67B7 /* XIBStyleViewController.swift */; };
		36A8F32124BEE07C00CE67B7 /* XIBStyleViewController.xib in Resources */ = {isa = PBXBuildFile; fileRef = 36A8F32024BEE07C00CE67B7 /* XIBStyleViewController.xib */; };
		36BD7D6B24BEF816000F2D63 /* SingleViewController.swift in Sources */ = {isa = PBXBuildFile; fileRef = 36BD7D6A24BEF816000F2D63 /* SingleViewController.swift */; };
		36BD7D9824C0270E000F2D63 /* DateTools.bundle in Resources */ = {isa = PBXBuildFile; fileRef = 36BD7D8824C0270E000F2D63 /* DateTools.bundle */; };
		36BD7D9924C0270E000F2D63 /* Constants.swift in Sources */ = {isa = PBXBuildFile; fileRef = 36BD7D8924C0270E000F2D63 /* Constants.swift */; };
		36BD7D9A24C0270E000F2D63 /* Date+Format.swift in Sources */ = {isa = PBXBuildFile; fileRef = 36BD7D8A24C0270E000F2D63 /* Date+Format.swift */; };
		36BD7D9B24C0270E000F2D63 /* Date+Manipulations.swift in Sources */ = {isa = PBXBuildFile; fileRef = 36BD7D8B24C0270E000F2D63 /* Date+Manipulations.swift */; };
		36BD7D9C24C0270E000F2D63 /* TimePeriod.swift in Sources */ = {isa = PBXBuildFile; fileRef = 36BD7D8C24C0270E000F2D63 /* TimePeriod.swift */; };
		36BD7D9D24C0270E000F2D63 /* Date+Components.swift in Sources */ = {isa = PBXBuildFile; fileRef = 36BD7D8D24C0270E000F2D63 /* Date+Components.swift */; };
		36BD7D9E24C0270E000F2D63 /* TimePeriodGroup.swift in Sources */ = {isa = PBXBuildFile; fileRef = 36BD7D8E24C0270E000F2D63 /* TimePeriodGroup.swift */; };
		36BD7D9F24C0270E000F2D63 /* Enums.swift in Sources */ = {isa = PBXBuildFile; fileRef = 36BD7D8F24C0270E000F2D63 /* Enums.swift */; };
		36BD7DA024C0270E000F2D63 /* TimeChunk.swift in Sources */ = {isa = PBXBuildFile; fileRef = 36BD7D9024C0270E000F2D63 /* TimeChunk.swift */; };
		36BD7DA124C0270E000F2D63 /* TimePeriodChain.swift in Sources */ = {isa = PBXBuildFile; fileRef = 36BD7D9124C0270E000F2D63 /* TimePeriodChain.swift */; };
		36BD7DA224C0270E000F2D63 /* Date+Comparators.swift in Sources */ = {isa = PBXBuildFile; fileRef = 36BD7D9224C0270E000F2D63 /* Date+Comparators.swift */; };
		36BD7DA324C0270E000F2D63 /* Date+Inits.swift in Sources */ = {isa = PBXBuildFile; fileRef = 36BD7D9324C0270E000F2D63 /* Date+Inits.swift */; };
		36BD7DA424C0270E000F2D63 /* Date+TimeAgo.swift in Sources */ = {isa = PBXBuildFile; fileRef = 36BD7D9424C0270E000F2D63 /* Date+TimeAgo.swift */; };
		36BD7DA524C0270E000F2D63 /* Integer+DateTools.swift in Sources */ = {isa = PBXBuildFile; fileRef = 36BD7D9524C0270E000F2D63 /* Integer+DateTools.swift */; };
		36BD7DA624C0270E000F2D63 /* Date+Bundle.swift in Sources */ = {isa = PBXBuildFile; fileRef = 36BD7D9624C0270E000F2D63 /* Date+Bundle.swift */; };
		36BD7DA724C0270E000F2D63 /* TimePeriodCollection.swift in Sources */ = {isa = PBXBuildFile; fileRef = 36BD7D9724C0270E000F2D63 /* TimePeriodCollection.swift */; };
		36C5580F24D01769005501CA /* DateTypeModel.swift in Sources */ = {isa = PBXBuildFile; fileRef = 36C5580E24D01769005501CA /* DateTypeModel.swift */; };
		36C5582A24D122B8005501CA /* SafeArea.swift in Sources */ = {isa = PBXBuildFile; fileRef = 36C5582924D122B8005501CA /* SafeArea.swift */; };
		36C5582C24D164E7005501CA /* SKLeftAndRightToolView.swift in Sources */ = {isa = PBXBuildFile; fileRef = 36C5582B24D164E7005501CA /* SKLeftAndRightToolView.swift */; };
		36CF233524DAA06200BB4332 /* DateModel.swift in Sources */ = {isa = PBXBuildFile; fileRef = 36CF233424DAA06200BB4332 /* DateModel.swift */; };
/* End PBXBuildFile section */

/* Begin PBXContainerItemProxy section */
		367BA03824B3375A00C7D7EA /* PBXContainerItemProxy */ = {
			isa = PBXContainerItemProxy;
			containerPortal = 367BA01924B3375600C7D7EA /* Project object */;
			proxyType = 1;
			remoteGlobalIDString = 367BA02024B3375600C7D7EA;
			remoteInfo = CyclePickerView;
		};
/* End PBXContainerItemProxy section */

/* Begin PBXFileReference section */
		364902AA24BED21800A5EC5B /* SKTimePeriodTableView.swift */ = {isa = PBXFileReference; lastKnownFileType = sourcecode.swift; path = SKTimePeriodTableView.swift; sourceTree = "<group>"; };
		364902AE24BED8B600A5EC5B /* DefaultStyleViewController.swift */ = {isa = PBXFileReference; lastKnownFileType = sourcecode.swift; path = DefaultStyleViewController.swift; sourceTree = "<group>"; };
		364902B024BED8C600A5EC5B /* DefaultFormatViewController.swift */ = {isa = PBXFileReference; lastKnownFileType = sourcecode.swift; path = DefaultFormatViewController.swift; sourceTree = "<group>"; };
		367BA02124B3375600C7D7EA /* CyclePickerView.app */ = {isa = PBXFileReference; explicitFileType = wrapper.application; includeInIndex = 0; path = CyclePickerView.app; sourceTree = BUILT_PRODUCTS_DIR; };
		367BA02424B3375600C7D7EA /* AppDelegate.swift */ = {isa = PBXFileReference; lastKnownFileType = sourcecode.swift; path = AppDelegate.swift; sourceTree = "<group>"; };
		367BA02824B3375600C7D7EA /* PopupStyleViewController.swift */ = {isa = PBXFileReference; lastKnownFileType = sourcecode.swift; path = PopupStyleViewController.swift; sourceTree = "<group>"; };
		367BA02D24B3375900C7D7EA /* Assets.xcassets */ = {isa = PBXFileReference; lastKnownFileType = folder.assetcatalog; path = Assets.xcassets; sourceTree = "<group>"; };
		367BA03024B3375900C7D7EA /* Base */ = {isa = PBXFileReference; lastKnownFileType = file.storyboard; name = Base; path = Base.lproj/LaunchScreen.storyboard; sourceTree = "<group>"; };
		367BA03224B3375900C7D7EA /* Info.plist */ = {isa = PBXFileReference; lastKnownFileType = text.plist.xml; path = Info.plist; sourceTree = "<group>"; };
		367BA03724B3375A00C7D7EA /* CyclePickerViewTests.xctest */ = {isa = PBXFileReference; explicitFileType = wrapper.cfbundle; includeInIndex = 0; path = CyclePickerViewTests.xctest; sourceTree = BUILT_PRODUCTS_DIR; };
		367BA03B24B3375A00C7D7EA /* CyclePickerViewTests.swift */ = {isa = PBXFileReference; lastKnownFileType = sourcecode.swift; path = CyclePickerViewTests.swift; sourceTree = "<group>"; };
		367BA03D24B3375A00C7D7EA /* Info.plist */ = {isa = PBXFileReference; lastKnownFileType = text.plist.xml; path = Info.plist; sourceTree = "<group>"; };
		367BA04624B3378600C7D7EA /* Extension+Date.swift */ = {isa = PBXFileReference; fileEncoding = 4; lastKnownFileType = sourcecode.swift; path = "Extension+Date.swift"; sourceTree = "<group>"; };
		367BA04724B3378600C7D7EA /* SKDatePeriodPickerView.swift */ = {isa = PBXFileReference; fileEncoding = 4; lastKnownFileType = sourcecode.swift; path = SKDatePeriodPickerView.swift; sourceTree = "<group>"; };
		367BA05B24B33EA900C7D7EA /* DayPickerView.swift */ = {isa = PBXFileReference; lastKnownFileType = sourcecode.swift; path = DayPickerView.swift; sourceTree = "<group>"; };
		367BA05D24B33EB300C7D7EA /* WeekPickerView.swift */ = {isa = PBXFileReference; lastKnownFileType = sourcecode.swift; path = WeekPickerView.swift; sourceTree = "<group>"; };
		3693AC6224BBEA7D00FB8E4C /* SKDatePeriodToolView.swift */ = {isa = PBXFileReference; lastKnownFileType = sourcecode.swift; path = SKDatePeriodToolView.swift; sourceTree = "<group>"; };
		3693AC6624BC0AE800FB8E4C /* SKDatePeriodProtocol.swift */ = {isa = PBXFileReference; lastKnownFileType = sourcecode.swift; path = SKDatePeriodProtocol.swift; sourceTree = "<group>"; };
		3693AC6A24BD9BDB00FB8E4C /* PickerViewModel.swift */ = {isa = PBXFileReference; lastKnownFileType = sourcecode.swift; path = PickerViewModel.swift; sourceTree = "<group>"; };
		3693AC6C24BD9F5900FB8E4C /* SKPickerConfiguration.swift */ = {isa = PBXFileReference; lastKnownFileType = sourcecode.swift; path = SKPickerConfiguration.swift; sourceTree = "<group>"; };
		3693AC7024BDA22800FB8E4C /* SKTimePeriodAnimation.swift */ = {isa = PBXFileReference; lastKnownFileType = sourcecode.swift; path = SKTimePeriodAnimation.swift; sourceTree = "<group>"; };
		3693AC7224BDA5C000FB8E4C /* SKTimePeriodTypeEnum.swift */ = {isa = PBXFileReference; lastKnownFileType = sourcecode.swift; path = SKTimePeriodTypeEnum.swift; sourceTree = "<group>"; };
		3693AC7424BDA7FE00FB8E4C /* SKToolViewConfiguartion.swift */ = {isa = PBXFileReference; lastKnownFileType = sourcecode.swift; path = SKToolViewConfiguartion.swift; sourceTree = "<group>"; };
		3696ED8D24C5680D00C24F54 /* SKSingleDateToolView.swift */ = {isa = PBXFileReference; lastKnownFileType = sourcecode.swift; path = SKSingleDateToolView.swift; sourceTree = "<group>"; };
		3696ED8F24C5684E00C24F54 /* SKToolView.swift */ = {isa = PBXFileReference; lastKnownFileType = sourcecode.swift; path = SKToolView.swift; sourceTree = "<group>"; };
		36A7878824C6730400F225A8 /* BasePickerView.swift */ = {isa = PBXFileReference; lastKnownFileType = sourcecode.swift; path = BasePickerView.swift; sourceTree = "<group>"; };
		36A8F31C24BEDFCC00CE67B7 /* BaseViewController.swift */ = {isa = PBXFileReference; lastKnownFileType = sourcecode.swift; path = BaseViewController.swift; sourceTree = "<group>"; };
		36A8F31E24BEE07300CE67B7 /* XIBStyleViewController.swift */ = {isa = PBXFileReference; lastKnownFileType = sourcecode.swift; path = XIBStyleViewController.swift; sourceTree = "<group>"; };
		36A8F32024BEE07C00CE67B7 /* XIBStyleViewController.xib */ = {isa = PBXFileReference; lastKnownFileType = file.xib; path = XIBStyleViewController.xib; sourceTree = "<group>"; };
		36BD7D6A24BEF816000F2D63 /* SingleViewController.swift */ = {isa = PBXFileReference; lastKnownFileType = sourcecode.swift; path = SingleViewController.swift; sourceTree = "<group>"; };
		36BD7D8824C0270E000F2D63 /* DateTools.bundle */ = {isa = PBXFileReference; lastKnownFileType = "wrapper.plug-in"; path = DateTools.bundle; sourceTree = "<group>"; };
		36BD7D8924C0270E000F2D63 /* Constants.swift */ = {isa = PBXFileReference; fileEncoding = 4; lastKnownFileType = sourcecode.swift; path = Constants.swift; sourceTree = "<group>"; };
		36BD7D8A24C0270E000F2D63 /* Date+Format.swift */ = {isa = PBXFileReference; fileEncoding = 4; lastKnownFileType = sourcecode.swift; path = "Date+Format.swift"; sourceTree = "<group>"; };
		36BD7D8B24C0270E000F2D63 /* Date+Manipulations.swift */ = {isa = PBXFileReference; fileEncoding = 4; lastKnownFileType = sourcecode.swift; path = "Date+Manipulations.swift"; sourceTree = "<group>"; };
		36BD7D8C24C0270E000F2D63 /* TimePeriod.swift */ = {isa = PBXFileReference; fileEncoding = 4; lastKnownFileType = sourcecode.swift; path = TimePeriod.swift; sourceTree = "<group>"; };
		36BD7D8D24C0270E000F2D63 /* Date+Components.swift */ = {isa = PBXFileReference; fileEncoding = 4; lastKnownFileType = sourcecode.swift; path = "Date+Components.swift"; sourceTree = "<group>"; };
		36BD7D8E24C0270E000F2D63 /* TimePeriodGroup.swift */ = {isa = PBXFileReference; fileEncoding = 4; lastKnownFileType = sourcecode.swift; path = TimePeriodGroup.swift; sourceTree = "<group>"; };
		36BD7D8F24C0270E000F2D63 /* Enums.swift */ = {isa = PBXFileReference; fileEncoding = 4; lastKnownFileType = sourcecode.swift; path = Enums.swift; sourceTree = "<group>"; };
		36BD7D9024C0270E000F2D63 /* TimeChunk.swift */ = {isa = PBXFileReference; fileEncoding = 4; lastKnownFileType = sourcecode.swift; path = TimeChunk.swift; sourceTree = "<group>"; };
		36BD7D9124C0270E000F2D63 /* TimePeriodChain.swift */ = {isa = PBXFileReference; fileEncoding = 4; lastKnownFileType = sourcecode.swift; path = TimePeriodChain.swift; sourceTree = "<group>"; };
		36BD7D9224C0270E000F2D63 /* Date+Comparators.swift */ = {isa = PBXFileReference; fileEncoding = 4; lastKnownFileType = sourcecode.swift; path = "Date+Comparators.swift"; sourceTree = "<group>"; };
		36BD7D9324C0270E000F2D63 /* Date+Inits.swift */ = {isa = PBXFileReference; fileEncoding = 4; lastKnownFileType = sourcecode.swift; path = "Date+Inits.swift"; sourceTree = "<group>"; };
		36BD7D9424C0270E000F2D63 /* Date+TimeAgo.swift */ = {isa = PBXFileReference; fileEncoding = 4; lastKnownFileType = sourcecode.swift; path = "Date+TimeAgo.swift"; sourceTree = "<group>"; };
		36BD7D9524C0270E000F2D63 /* Integer+DateTools.swift */ = {isa = PBXFileReference; fileEncoding = 4; lastKnownFileType = sourcecode.swift; path = "Integer+DateTools.swift"; sourceTree = "<group>"; };
		36BD7D9624C0270E000F2D63 /* Date+Bundle.swift */ = {isa = PBXFileReference; fileEncoding = 4; lastKnownFileType = sourcecode.swift; path = "Date+Bundle.swift"; sourceTree = "<group>"; };
		36BD7D9724C0270E000F2D63 /* TimePeriodCollection.swift */ = {isa = PBXFileReference; fileEncoding = 4; lastKnownFileType = sourcecode.swift; path = TimePeriodCollection.swift; sourceTree = "<group>"; };
		36C5580E24D01769005501CA /* DateTypeModel.swift */ = {isa = PBXFileReference; lastKnownFileType = sourcecode.swift; path = DateTypeModel.swift; sourceTree = "<group>"; };
		36C5582924D122B8005501CA /* SafeArea.swift */ = {isa = PBXFileReference; lastKnownFileType = sourcecode.swift; path = SafeArea.swift; sourceTree = "<group>"; };
		36C5582B24D164E7005501CA /* SKLeftAndRightToolView.swift */ = {isa = PBXFileReference; lastKnownFileType = sourcecode.swift; path = SKLeftAndRightToolView.swift; sourceTree = "<group>"; };
		36CF233424DAA06200BB4332 /* DateModel.swift */ = {isa = PBXFileReference; lastKnownFileType = sourcecode.swift; path = DateModel.swift; sourceTree = "<group>"; };
/* End PBXFileReference section */

/* Begin PBXFrameworksBuildPhase section */
		367BA01E24B3375600C7D7EA /* Frameworks */ = {
			isa = PBXFrameworksBuildPhase;
			buildActionMask = 2147483647;
			files = (
			);
			runOnlyForDeploymentPostprocessing = 0;
		};
		367BA03424B3375A00C7D7EA /* Frameworks */ = {
			isa = PBXFrameworksBuildPhase;
			buildActionMask = 2147483647;
			files = (
			);
			runOnlyForDeploymentPostprocessing = 0;
		};
/* End PBXFrameworksBuildPhase section */

/* Begin PBXGroup section */
		364902AC24BED85100A5EC5B /* Style */ = {
			isa = PBXGroup;
			children = (
				36BD7D6A24BEF816000F2D63 /* SingleViewController.swift */,
				367BA02824B3375600C7D7EA /* PopupStyleViewController.swift */,
				364902AE24BED8B600A5EC5B /* DefaultStyleViewController.swift */,
				36A8F31E24BEE07300CE67B7 /* XIBStyleViewController.swift */,
				36A8F32024BEE07C00CE67B7 /* XIBStyleViewController.xib */,
			);
			path = Style;
			sourceTree = "<group>";
		};
		364902AD24BED86000A5EC5B /* Format */ = {
			isa = PBXGroup;
			children = (
				364902B024BED8C600A5EC5B /* DefaultFormatViewController.swift */,
			);
			path = Format;
			sourceTree = "<group>";
		};
		367BA01824B3375600C7D7EA = {
			isa = PBXGroup;
			children = (
				36BD7D8724C0270E000F2D63 /* DateTools */,
				367BA04C24B3378E00C7D7EA /* PickerView */,
				367BA02324B3375600C7D7EA /* CyclePickerView */,
				367BA03A24B3375A00C7D7EA /* CyclePickerViewTests */,
				367BA02224B3375600C7D7EA /* Products */,
			);
			sourceTree = "<group>";
		};
		367BA02224B3375600C7D7EA /* Products */ = {
			isa = PBXGroup;
			children = (
				367BA02124B3375600C7D7EA /* CyclePickerView.app */,
				367BA03724B3375A00C7D7EA /* CyclePickerViewTests.xctest */,
			);
			name = Products;
			sourceTree = "<group>";
		};
		367BA02324B3375600C7D7EA /* CyclePickerView */ = {
			isa = PBXGroup;
			children = (
				36A8F31C24BEDFCC00CE67B7 /* BaseViewController.swift */,
				364902AA24BED21800A5EC5B /* SKTimePeriodTableView.swift */,
				364902AC24BED85100A5EC5B /* Style */,
				364902AD24BED86000A5EC5B /* Format */,
				367BA02424B3375600C7D7EA /* AppDelegate.swift */,
				367BA02D24B3375900C7D7EA /* Assets.xcassets */,
				367BA02F24B3375900C7D7EA /* LaunchScreen.storyboard */,
				367BA03224B3375900C7D7EA /* Info.plist */,
			);
			path = CyclePickerView;
			sourceTree = "<group>";
		};
		367BA03A24B3375A00C7D7EA /* CyclePickerViewTests */ = {
			isa = PBXGroup;
			children = (
				367BA03B24B3375A00C7D7EA /* CyclePickerViewTests.swift */,
				367BA03D24B3375A00C7D7EA /* Info.plist */,
			);
			path = CyclePickerViewTests;
			sourceTree = "<group>";
		};
		367BA04C24B3378E00C7D7EA /* PickerView */ = {
			isa = PBXGroup;
			children = (
				36C5580D24D0174A005501CA /* Configuration */,
				3696ED9124C5685E00C24F54 /* ToolView */,
				3693AC6924BD9BC300FB8E4C /* Model */,
				3693AC6824BC0C1A00FB8E4C /* PickerView */,
				367BA05524B33E4800C7D7EA /* Other */,
				367BA04724B3378600C7D7EA /* SKDatePeriodPickerView.swift */,
				3693AC6624BC0AE800FB8E4C /* SKDatePeriodProtocol.swift */,
				3693AC7024BDA22800FB8E4C /* SKTimePeriodAnimation.swift */,
				3693AC7224BDA5C000FB8E4C /* SKTimePeriodTypeEnum.swift */,
			);
			path = PickerView;
			sourceTree = "<group>";
		};
		367BA05524B33E4800C7D7EA /* Other */ = {
			isa = PBXGroup;
			children = (
				367BA04624B3378600C7D7EA /* Extension+Date.swift */,
				36C5582924D122B8005501CA /* SafeArea.swift */,
			);
			path = Other;
			sourceTree = "<group>";
		};
		3693AC6824BC0C1A00FB8E4C /* PickerView */ = {
			isa = PBXGroup;
			children = (
				367BA05D24B33EB300C7D7EA /* WeekPickerView.swift */,
				367BA05B24B33EA900C7D7EA /* DayPickerView.swift */,
				36A7878824C6730400F225A8 /* BasePickerView.swift */,
			);
			path = PickerView;
			sourceTree = "<group>";
		};
		3693AC6924BD9BC300FB8E4C /* Model */ = {
			isa = PBXGroup;
			children = (
				3693AC6A24BD9BDB00FB8E4C /* PickerViewModel.swift */,
				36C5580E24D01769005501CA /* DateTypeModel.swift */,
				36CF233424DAA06200BB4332 /* DateModel.swift */,
			);
			path = Model;
			sourceTree = "<group>";
		};
		3696ED9124C5685E00C24F54 /* ToolView */ = {
			isa = PBXGroup;
			children = (
				3696ED8F24C5684E00C24F54 /* SKToolView.swift */,
				36C5582B24D164E7005501CA /* SKLeftAndRightToolView.swift */,
				3693AC6224BBEA7D00FB8E4C /* SKDatePeriodToolView.swift */,
				3696ED8D24C5680D00C24F54 /* SKSingleDateToolView.swift */,
			);
			path = ToolView;
			sourceTree = "<group>";
		};
		36BD7D8724C0270E000F2D63 /* DateTools */ = {
			isa = PBXGroup;
			children = (
				36BD7D8824C0270E000F2D63 /* DateTools.bundle */,
				36BD7D8924C0270E000F2D63 /* Constants.swift */,
				36BD7D8A24C0270E000F2D63 /* Date+Format.swift */,
				36BD7D8B24C0270E000F2D63 /* Date+Manipulations.swift */,
				36BD7D8C24C0270E000F2D63 /* TimePeriod.swift */,
				36BD7D8D24C0270E000F2D63 /* Date+Components.swift */,
				36BD7D8E24C0270E000F2D63 /* TimePeriodGroup.swift */,
				36BD7D8F24C0270E000F2D63 /* Enums.swift */,
				36BD7D9024C0270E000F2D63 /* TimeChunk.swift */,
				36BD7D9124C0270E000F2D63 /* TimePeriodChain.swift */,
				36BD7D9224C0270E000F2D63 /* Date+Comparators.swift */,
				36BD7D9324C0270E000F2D63 /* Date+Inits.swift */,
				36BD7D9424C0270E000F2D63 /* Date+TimeAgo.swift */,
				36BD7D9524C0270E000F2D63 /* Integer+DateTools.swift */,
				36BD7D9624C0270E000F2D63 /* Date+Bundle.swift */,
				36BD7D9724C0270E000F2D63 /* TimePeriodCollection.swift */,
			);
			name = DateTools;
			path = PickerView/DateTools;
			sourceTree = "<group>";
		};
		36C5580D24D0174A005501CA /* Configuration */ = {
			isa = PBXGroup;
			children = (
				3693AC6C24BD9F5900FB8E4C /* SKPickerConfiguration.swift */,
				3693AC7424BDA7FE00FB8E4C /* SKToolViewConfiguartion.swift */,
			);
			path = Configuration;
			sourceTree = "<group>";
		};
/* End PBXGroup section */

/* Begin PBXNativeTarget section */
		367BA02024B3375600C7D7EA /* CyclePickerView */ = {
			isa = PBXNativeTarget;
			buildConfigurationList = 367BA04024B3375A00C7D7EA /* Build configuration list for PBXNativeTarget "CyclePickerView" */;
			buildPhases = (
				367BA01D24B3375600C7D7EA /* Sources */,
				367BA01E24B3375600C7D7EA /* Frameworks */,
				367BA01F24B3375600C7D7EA /* Resources */,
			);
			buildRules = (
			);
			dependencies = (
			);
			name = CyclePickerView;
			productName = CyclePickerView;
			productReference = 367BA02124B3375600C7D7EA /* CyclePickerView.app */;
			productType = "com.apple.product-type.application";
		};
		367BA03624B3375A00C7D7EA /* CyclePickerViewTests */ = {
			isa = PBXNativeTarget;
			buildConfigurationList = 367BA04324B3375A00C7D7EA /* Build configuration list for PBXNativeTarget "CyclePickerViewTests" */;
			buildPhases = (
				367BA03324B3375A00C7D7EA /* Sources */,
				367BA03424B3375A00C7D7EA /* Frameworks */,
				367BA03524B3375A00C7D7EA /* Resources */,
			);
			buildRules = (
			);
			dependencies = (
				367BA03924B3375A00C7D7EA /* PBXTargetDependency */,
			);
			name = CyclePickerViewTests;
			productName = CyclePickerViewTests;
			productReference = 367BA03724B3375A00C7D7EA /* CyclePickerViewTests.xctest */;
			productType = "com.apple.product-type.bundle.unit-test";
		};
/* End PBXNativeTarget section */

/* Begin PBXProject section */
		367BA01924B3375600C7D7EA /* Project object */ = {
			isa = PBXProject;
			attributes = {
				LastSwiftUpdateCheck = 1150;
				LastUpgradeCheck = 1150;
				ORGANIZATIONNAME = jetson;
				TargetAttributes = {
					367BA02024B3375600C7D7EA = {
						CreatedOnToolsVersion = 11.5;
					};
					367BA03624B3375A00C7D7EA = {
						CreatedOnToolsVersion = 11.5;
						TestTargetID = 367BA02024B3375600C7D7EA;
					};
				};
			};
			buildConfigurationList = 367BA01C24B3375600C7D7EA /* Build configuration list for PBXProject "CyclePickerView" */;
			compatibilityVersion = "Xcode 9.3";
			developmentRegion = en;
			hasScannedForEncodings = 0;
			knownRegions = (
				en,
				Base,
			);
			mainGroup = 367BA01824B3375600C7D7EA;
			productRefGroup = 367BA02224B3375600C7D7EA /* Products */;
			projectDirPath = "";
			projectRoot = "";
			targets = (
				367BA02024B3375600C7D7EA /* CyclePickerView */,
				367BA03624B3375A00C7D7EA /* CyclePickerViewTests */,
			);
		};
/* End PBXProject section */

/* Begin PBXResourcesBuildPhase section */
		367BA01F24B3375600C7D7EA /* Resources */ = {
			isa = PBXResourcesBuildPhase;
			buildActionMask = 2147483647;
			files = (
				367BA03124B3375900C7D7EA /* LaunchScreen.storyboard in Resources */,
				36A8F32124BEE07C00CE67B7 /* XIBStyleViewController.xib in Resources */,
				367BA02E24B3375900C7D7EA /* Assets.xcassets in Resources */,
				36BD7D9824C0270E000F2D63 /* DateTools.bundle in Resources */,
			);
			runOnlyForDeploymentPostprocessing = 0;
		};
		367BA03524B3375A00C7D7EA /* Resources */ = {
			isa = PBXResourcesBuildPhase;
			buildActionMask = 2147483647;
			files = (
			);
			runOnlyForDeploymentPostprocessing = 0;
		};
/* End PBXResourcesBuildPhase section */

/* Begin PBXSourcesBuildPhase section */
		367BA01D24B3375600C7D7EA /* Sources */ = {
			isa = PBXSourcesBuildPhase;
			buildActionMask = 2147483647;
			files = (
				36BD7DA524C0270E000F2D63 /* Integer+DateTools.swift in Sources */,
				364902AF24BED8B600A5EC5B /* DefaultStyleViewController.swift in Sources */,
				364902AB24BED21800A5EC5B /* SKTimePeriodTableView.swift in Sources */,
				3693AC6D24BD9F5900FB8E4C /* SKPickerConfiguration.swift in Sources */,
				367BA02924B3375600C7D7EA /* PopupStyleViewController.swift in Sources */,
				3693AC6724BC0AE800FB8E4C /* SKDatePeriodProtocol.swift in Sources */,
				36BD7D9C24C0270E000F2D63 /* TimePeriod.swift in Sources */,
				36A8F31D24BEDFCC00CE67B7 /* BaseViewController.swift in Sources */,
				3696ED9024C5684E00C24F54 /* SKToolView.swift in Sources */,
				36C5582C24D164E7005501CA /* SKLeftAndRightToolView.swift in Sources */,
				36C5582A24D122B8005501CA /* SafeArea.swift in Sources */,
				36BD7D9A24C0270E000F2D63 /* Date+Format.swift in Sources */,
				36BD7D6B24BEF816000F2D63 /* SingleViewController.swift in Sources */,
				36BD7DA124C0270E000F2D63 /* TimePeriodChain.swift in Sources */,
				367BA05C24B33EA900C7D7EA /* DayPickerView.swift in Sources */,
				36A8F31F24BEE07300CE67B7 /* XIBStyleViewController.swift in Sources */,
				367BA04A24B3378600C7D7EA /* SKDatePeriodPickerView.swift in Sources */,
				3693AC6324BBEA7D00FB8E4C /* SKDatePeriodToolView.swift in Sources */,
				36CF233524DAA06200BB4332 /* DateModel.swift in Sources */,
				36BD7D9924C0270E000F2D63 /* Constants.swift in Sources */,
				3696ED8E24C5680D00C24F54 /* SKSingleDateToolView.swift in Sources */,
				364902B124BED8C600A5EC5B /* DefaultFormatViewController.swift in Sources */,
				36BD7D9D24C0270E000F2D63 /* Date+Components.swift in Sources */,
				36BD7D9F24C0270E000F2D63 /* Enums.swift in Sources */,
				367BA05E24B33EB300C7D7EA /* WeekPickerView.swift in Sources */,
				36BD7DA324C0270E000F2D63 /* Date+Inits.swift in Sources */,
				36C5580F24D01769005501CA /* DateTypeModel.swift in Sources */,
				36BD7DA024C0270E000F2D63 /* TimeChunk.swift in Sources */,
				3693AC7124BDA22800FB8E4C /* SKTimePeriodAnimation.swift in Sources */,
				367BA04924B3378600C7D7EA /* Extension+Date.swift in Sources */,
				3693AC7324BDA5C000FB8E4C /* SKTimePeriodTypeEnum.swift in Sources */,
				3693AC6B24BD9BDB00FB8E4C /* PickerViewModel.swift in Sources */,
				36BD7D9E24C0270E000F2D63 /* TimePeriodGroup.swift in Sources */,
				36BD7DA624C0270E000F2D63 /* Date+Bundle.swift in Sources */,
				3693AC7524BDA7FE00FB8E4C /* SKToolViewConfiguartion.swift in Sources */,
				36A7878924C6730400F225A8 /* BasePickerView.swift in Sources */,
				36BD7D9B24C0270E000F2D63 /* Date+Manipulations.swift in Sources */,
				36BD7DA424C0270E000F2D63 /* Date+TimeAgo.swift in Sources */,
				36BD7DA724C0270E000F2D63 /* TimePeriodCollection.swift in Sources */,
				36BD7DA224C0270E000F2D63 /* Date+Comparators.swift in Sources */,
				367BA02524B3375600C7D7EA /* AppDelegate.swift in Sources */,
			);
			runOnlyForDeploymentPostprocessing = 0;
		};
		367BA03324B3375A00C7D7EA /* Sources */ = {
			isa = PBXSourcesBuildPhase;
			buildActionMask = 2147483647;
			files = (
				367BA03C24B3375A00C7D7EA /* CyclePickerViewTests.swift in Sources */,
			);
			runOnlyForDeploymentPostprocessing = 0;
		};
/* End PBXSourcesBuildPhase section */

/* Begin PBXTargetDependency section */
		367BA03924B3375A00C7D7EA /* PBXTargetDependency */ = {
			isa = PBXTargetDependency;
			target = 367BA02024B3375600C7D7EA /* CyclePickerView */;
			targetProxy = 367BA03824B3375A00C7D7EA /* PBXContainerItemProxy */;
		};
/* End PBXTargetDependency section */

/* Begin PBXVariantGroup section */
		367BA02F24B3375900C7D7EA /* LaunchScreen.storyboard */ = {
			isa = PBXVariantGroup;
			children = (
				367BA03024B3375900C7D7EA /* Base */,
			);
			name = LaunchScreen.storyboard;
			sourceTree = "<group>";
		};
/* End PBXVariantGroup section */

/* Begin XCBuildConfiguration section */
		367BA03E24B3375A00C7D7EA /* Debug */ = {
			isa = XCBuildConfiguration;
			buildSettings = {
				ALWAYS_SEARCH_USER_PATHS = NO;
				CLANG_ANALYZER_NONNULL = YES;
				CLANG_ANALYZER_NUMBER_OBJECT_CONVERSION = YES_AGGRESSIVE;
				CLANG_CXX_LANGUAGE_STANDARD = "gnu++14";
				CLANG_CXX_LIBRARY = "libc++";
				CLANG_ENABLE_MODULES = YES;
				CLANG_ENABLE_OBJC_ARC = YES;
				CLANG_ENABLE_OBJC_WEAK = YES;
				CLANG_WARN_BLOCK_CAPTURE_AUTORELEASING = YES;
				CLANG_WARN_BOOL_CONVERSION = YES;
				CLANG_WARN_COMMA = YES;
				CLANG_WARN_CONSTANT_CONVERSION = YES;
				CLANG_WARN_DEPRECATED_OBJC_IMPLEMENTATIONS = YES;
				CLANG_WARN_DIRECT_OBJC_ISA_USAGE = YES_ERROR;
				CLANG_WARN_DOCUMENTATION_COMMENTS = YES;
				CLANG_WARN_EMPTY_BODY = YES;
				CLANG_WARN_ENUM_CONVERSION = YES;
				CLANG_WARN_INFINITE_RECURSION = YES;
				CLANG_WARN_INT_CONVERSION = YES;
				CLANG_WARN_NON_LITERAL_NULL_CONVERSION = YES;
				CLANG_WARN_OBJC_IMPLICIT_RETAIN_SELF = YES;
				CLANG_WARN_OBJC_LITERAL_CONVERSION = YES;
				CLANG_WARN_OBJC_ROOT_CLASS = YES_ERROR;
				CLANG_WARN_RANGE_LOOP_ANALYSIS = YES;
				CLANG_WARN_STRICT_PROTOTYPES = YES;
				CLANG_WARN_SUSPICIOUS_MOVE = YES;
				CLANG_WARN_UNGUARDED_AVAILABILITY = YES_AGGRESSIVE;
				CLANG_WARN_UNREACHABLE_CODE = YES;
				CLANG_WARN__DUPLICATE_METHOD_MATCH = YES;
				COPY_PHASE_STRIP = NO;
				DEBUG_INFORMATION_FORMAT = dwarf;
				ENABLE_STRICT_OBJC_MSGSEND = YES;
				ENABLE_TESTABILITY = YES;
				GCC_C_LANGUAGE_STANDARD = gnu11;
				GCC_DYNAMIC_NO_PIC = NO;
				GCC_NO_COMMON_BLOCKS = YES;
				GCC_OPTIMIZATION_LEVEL = 0;
				GCC_PREPROCESSOR_DEFINITIONS = (
					"DEBUG=1",
					"$(inherited)",
				);
				GCC_WARN_64_TO_32_BIT_CONVERSION = YES;
				GCC_WARN_ABOUT_RETURN_TYPE = YES_ERROR;
				GCC_WARN_UNDECLARED_SELECTOR = YES;
				GCC_WARN_UNINITIALIZED_AUTOS = YES_AGGRESSIVE;
				GCC_WARN_UNUSED_FUNCTION = YES;
				GCC_WARN_UNUSED_VARIABLE = YES;
				IPHONEOS_DEPLOYMENT_TARGET = 13.5;
				MTL_ENABLE_DEBUG_INFO = INCLUDE_SOURCE;
				MTL_FAST_MATH = YES;
				ONLY_ACTIVE_ARCH = YES;
				SDKROOT = iphoneos;
				SWIFT_ACTIVE_COMPILATION_CONDITIONS = DEBUG;
				SWIFT_OPTIMIZATION_LEVEL = "-Onone";
			};
			name = Debug;
		};
		367BA03F24B3375A00C7D7EA /* Release */ = {
			isa = XCBuildConfiguration;
			buildSettings = {
				ALWAYS_SEARCH_USER_PATHS = NO;
				CLANG_ANALYZER_NONNULL = YES;
				CLANG_ANALYZER_NUMBER_OBJECT_CONVERSION = YES_AGGRESSIVE;
				CLANG_CXX_LANGUAGE_STANDARD = "gnu++14";
				CLANG_CXX_LIBRARY = "libc++";
				CLANG_ENABLE_MODULES = YES;
				CLANG_ENABLE_OBJC_ARC = YES;
				CLANG_ENABLE_OBJC_WEAK = YES;
				CLANG_WARN_BLOCK_CAPTURE_AUTORELEASING = YES;
				CLANG_WARN_BOOL_CONVERSION = YES;
				CLANG_WARN_COMMA = YES;
				CLANG_WARN_CONSTANT_CONVERSION = YES;
				CLANG_WARN_DEPRECATED_OBJC_IMPLEMENTATIONS = YES;
				CLANG_WARN_DIRECT_OBJC_ISA_USAGE = YES_ERROR;
				CLANG_WARN_DOCUMENTATION_COMMENTS = YES;
				CLANG_WARN_EMPTY_BODY = YES;
				CLANG_WARN_ENUM_CONVERSION = YES;
				CLANG_WARN_INFINITE_RECURSION = YES;
				CLANG_WARN_INT_CONVERSION = YES;
				CLANG_WARN_NON_LITERAL_NULL_CONVERSION = YES;
				CLANG_WARN_OBJC_IMPLICIT_RETAIN_SELF = YES;
				CLANG_WARN_OBJC_LITERAL_CONVERSION = YES;
				CLANG_WARN_OBJC_ROOT_CLASS = YES_ERROR;
				CLANG_WARN_RANGE_LOOP_ANALYSIS = YES;
				CLANG_WARN_STRICT_PROTOTYPES = YES;
				CLANG_WARN_SUSPICIOUS_MOVE = YES;
				CLANG_WARN_UNGUARDED_AVAILABILITY = YES_AGGRESSIVE;
				CLANG_WARN_UNREACHABLE_CODE = YES;
				CLANG_WARN__DUPLICATE_METHOD_MATCH = YES;
				COPY_PHASE_STRIP = NO;
				DEBUG_INFORMATION_FORMAT = "dwarf-with-dsym";
				ENABLE_NS_ASSERTIONS = NO;
				ENABLE_STRICT_OBJC_MSGSEND = YES;
				GCC_C_LANGUAGE_STANDARD = gnu11;
				GCC_NO_COMMON_BLOCKS = YES;
				GCC_WARN_64_TO_32_BIT_CONVERSION = YES;
				GCC_WARN_ABOUT_RETURN_TYPE = YES_ERROR;
				GCC_WARN_UNDECLARED_SELECTOR = YES;
				GCC_WARN_UNINITIALIZED_AUTOS = YES_AGGRESSIVE;
				GCC_WARN_UNUSED_FUNCTION = YES;
				GCC_WARN_UNUSED_VARIABLE = YES;
				IPHONEOS_DEPLOYMENT_TARGET = 13.5;
				MTL_ENABLE_DEBUG_INFO = NO;
				MTL_FAST_MATH = YES;
				SDKROOT = iphoneos;
				SWIFT_COMPILATION_MODE = wholemodule;
				SWIFT_OPTIMIZATION_LEVEL = "-O";
				VALIDATE_PRODUCT = YES;
			};
			name = Release;
		};
		367BA04124B3375A00C7D7EA /* Debug */ = {
			isa = XCBuildConfiguration;
			buildSettings = {
				ASSETCATALOG_COMPILER_APPICON_NAME = AppIcon;
				CODE_SIGN_STYLE = Automatic;
				DEVELOPMENT_TEAM = LAT575FSRT;
				INFOPLIST_FILE = CyclePickerView/Info.plist;
				IPHONEOS_DEPLOYMENT_TARGET = 9.0;
				LD_RUNPATH_SEARCH_PATHS = (
					"$(inherited)",
					"@executable_path/Frameworks",
				);
				PRODUCT_BUNDLE_IDENTIFIER = skytech.CyclePickerView;
				PRODUCT_NAME = "$(TARGET_NAME)";
				SWIFT_VERSION = 5.0;
				TARGETED_DEVICE_FAMILY = "1,2";
			};
			name = Debug;
		};
		367BA04224B3375A00C7D7EA /* Release */ = {
			isa = XCBuildConfiguration;
			buildSettings = {
				ASSETCATALOG_COMPILER_APPICON_NAME = AppIcon;
				CODE_SIGN_STYLE = Automatic;
				DEVELOPMENT_TEAM = LAT575FSRT;
				INFOPLIST_FILE = CyclePickerView/Info.plist;
				IPHONEOS_DEPLOYMENT_TARGET = 9.0;
				LD_RUNPATH_SEARCH_PATHS = (
					"$(inherited)",
					"@executable_path/Frameworks",
				);
				PRODUCT_BUNDLE_IDENTIFIER = skytech.CyclePickerView;
				PRODUCT_NAME = "$(TARGET_NAME)";
				SWIFT_VERSION = 5.0;
				TARGETED_DEVICE_FAMILY = "1,2";
			};
			name = Release;
		};
		367BA04424B3375A00C7D7EA /* Debug */ = {
			isa = XCBuildConfiguration;
			buildSettings = {
				ALWAYS_EMBED_SWIFT_STANDARD_LIBRARIES = YES;
				BUNDLE_LOADER = "$(TEST_HOST)";
				CODE_SIGN_STYLE = Automatic;
				DEVELOPMENT_TEAM = LAT575FSRT;
				INFOPLIST_FILE = CyclePickerViewTests/Info.plist;
				IPHONEOS_DEPLOYMENT_TARGET = 13.5;
				LD_RUNPATH_SEARCH_PATHS = (
					"$(inherited)",
					"@executable_path/Frameworks",
					"@loader_path/Frameworks",
				);
				PRODUCT_BUNDLE_IDENTIFIER = skytech.CyclePickerViewTests;
				PRODUCT_NAME = "$(TARGET_NAME)";
				SWIFT_VERSION = 5.0;
				TARGETED_DEVICE_FAMILY = "1,2";
				TEST_HOST = "$(BUILT_PRODUCTS_DIR)/CyclePickerView.app/CyclePickerView";
			};
			name = Debug;
		};
		367BA04524B3375A00C7D7EA /* Release */ = {
			isa = XCBuildConfiguration;
			buildSettings = {
				ALWAYS_EMBED_SWIFT_STANDARD_LIBRARIES = YES;
				BUNDLE_LOADER = "$(TEST_HOST)";
				CODE_SIGN_STYLE = Automatic;
				DEVELOPMENT_TEAM = LAT575FSRT;
				INFOPLIST_FILE = CyclePickerViewTests/Info.plist;
				IPHONEOS_DEPLOYMENT_TARGET = 13.5;
				LD_RUNPATH_SEARCH_PATHS = (
					"$(inherited)",
					"@executable_path/Frameworks",
					"@loader_path/Frameworks",
				);
				PRODUCT_BUNDLE_IDENTIFIER = skytech.CyclePickerViewTests;
				PRODUCT_NAME = "$(TARGET_NAME)";
				SWIFT_VERSION = 5.0;
				TARGETED_DEVICE_FAMILY = "1,2";
				TEST_HOST = "$(BUILT_PRODUCTS_DIR)/CyclePickerView.app/CyclePickerView";
			};
			name = Release;
		};
/* End XCBuildConfiguration section */

/* Begin XCConfigurationList section */
		367BA01C24B3375600C7D7EA /* Build configuration list for PBXProject "CyclePickerView" */ = {
			isa = XCConfigurationList;
			buildConfigurations = (
				367BA03E24B3375A00C7D7EA /* Debug */,
				367BA03F24B3375A00C7D7EA /* Release */,
			);
			defaultConfigurationIsVisible = 0;
			defaultConfigurationName = Release;
		};
		367BA04024B3375A00C7D7EA /* Build configuration list for PBXNativeTarget "CyclePickerView" */ = {
			isa = XCConfigurationList;
			buildConfigurations = (
				367BA04124B3375A00C7D7EA /* Debug */,
				367BA04224B3375A00C7D7EA /* Release */,
			);
			defaultConfigurationIsVisible = 0;
			defaultConfigurationName = Release;
		};
		367BA04324B3375A00C7D7EA /* Build configuration list for PBXNativeTarget "CyclePickerViewTests" */ = {
			isa = XCConfigurationList;
			buildConfigurations = (
				367BA04424B3375A00C7D7EA /* Debug */,
				367BA04524B3375A00C7D7EA /* Release */,
			);
			defaultConfigurationIsVisible = 0;
			defaultConfigurationName = Release;
		};
/* End XCConfigurationList section */
	};
	rootObject = 367BA01924B3375600C7D7EA /* Project object */;
}
